<?xml version="1.0" encoding="utf-8"?>
<Project ToolsVersion="4.0" xmlns="http://schemas.microsoft.com/developer/msbuild/2003">
  <ItemGroup>
    <Filter Include="소스 파일">
      <UniqueIdentifier>{4FC737F1-C7A5-4376-A066-2A32D752A2FF}</UniqueIdentifier>
      <Extensions>cpp;c;cc;cxx;c++;cppm;ixx;def;odl;idl;hpj;bat;asm;asmx</Extensions>
    </Filter>
    <Filter Include="헤더 파일">
      <UniqueIdentifier>{93995380-89BD-4b04-88EB-625FBE52EBFB}</UniqueIdentifier>
      <Extensions>h;hh;hpp;hxx;h++;hm;inl;inc;ipp;xsd</Extensions>
    </Filter>
    <Filter Include="리소스 파일">
      <UniqueIdentifier>{67DA6AB6-F800-4c08-8B7A-83BB121AAD01}</UniqueIdentifier>
      <Extensions>rc;ico;cur;bmp;dlg;rc2;rct;bin;rgs;gif;jpg;jpeg;jpe;resx;tiff;tif;png;wav;mfcribbon-ms</Extensions>
    </Filter>
    <Filter Include="00. MainApp">
      <UniqueIdentifier>{e8ad129d-c1cf-4dd5-af90-b47d007f0d4d}</UniqueIdentifier>
    </Filter>
    <Filter Include="01. Scene">
      <UniqueIdentifier>{00723525-da66-45c2-96ed-168bfc6a3765}</UniqueIdentifier>
    </Filter>
    <Filter Include="01. Scene\Logo">
      <UniqueIdentifier>{2fddb93e-94cf-4af0-8947-498ff55495ae}</UniqueIdentifier>
    </Filter>
    <Filter Include="01. Scene\Stage">
      <UniqueIdentifier>{f30fc8b2-8050-4c7b-ad78-31378e7adfd9}</UniqueIdentifier>
    </Filter>
    <Filter Include="02. GameObject">
      <UniqueIdentifier>{edc41b01-388d-4552-bf34-3fa50d81371a}</UniqueIdentifier>
    </Filter>
    <Filter Include="02. GameObject\00. BackGround">
      <UniqueIdentifier>{f0d0e5b3-59c7-41fb-92cf-59c72845b18e}</UniqueIdentifier>
    </Filter>
    <Filter Include="02. GameObject\01. Player">
      <UniqueIdentifier>{b296e5ab-9980-4835-b577-7885d1efc319}</UniqueIdentifier>
    </Filter>
    <Filter Include="02. GameObject\02. Monster">
      <UniqueIdentifier>{ea1699e6-0c35-4928-a891-19e37d243279}</UniqueIdentifier>
    </Filter>
    <Filter Include="01. Scene\Loading">
      <UniqueIdentifier>{191c6d8e-36d1-45a9-97e2-69361bc116fa}</UniqueIdentifier>
    </Filter>
    <Filter Include="02. GameObject\03. Terrain">
      <UniqueIdentifier>{4b423757-2c5b-4e4e-9268-5f613c9c8f2f}</UniqueIdentifier>
    </Filter>
    <Filter Include="02. GameObject\04. DynamicCamera">
      <UniqueIdentifier>{cdd6e53a-fa5b-4c49-a8c4-f0b652689629}</UniqueIdentifier>
    </Filter>
    <Filter Include="02. GameObject\05. SkyBox">
      <UniqueIdentifier>{3cee2e7b-a2d0-4be9-9ae5-6f08fc300e79}</UniqueIdentifier>
    </Filter>
    <Filter Include="02. GameObject\06. Effect">
      <UniqueIdentifier>{26da718b-9159-461e-bec9-2f4654b8be1f}</UniqueIdentifier>
    </Filter>
    <Filter Include="02. GameObject\07. Room">
      <UniqueIdentifier>{b9d90846-4426-48a5-9d9f-65b142898dac}</UniqueIdentifier>
    </Filter>
    <Filter Include="02. GameObject\08. Gun">
      <UniqueIdentifier>{392630cc-bd20-4eb7-9704-747e40434189}</UniqueIdentifier>
    </Filter>
    <Filter Include="03. Resource">
      <UniqueIdentifier>{39c1497e-736d-4f33-890a-bf345083759c}</UniqueIdentifier>
    </Filter>
    <Filter Include="03. Resource\01. Map">
      <UniqueIdentifier>{e0824a1c-09b7-469b-a0d4-6c5eb5eace80}</UniqueIdentifier>
    </Filter>
    <Filter Include="99. Header">
      <UniqueIdentifier>{1010db34-d77a-4a40-b8f4-2c712aa1dbd3}</UniqueIdentifier>
    </Filter>
    <Filter Include="99. Header\ThirdParty">
      <UniqueIdentifier>{bf0e3959-e252-49e1-9535-e3b23444d2c0}</UniqueIdentifier>
    </Filter>
    <Filter Include="04. Manager">
      <UniqueIdentifier>{21b47c84-577f-4f39-b3ac-01f370fb2f24}</UniqueIdentifier>
    </Filter>
    <Filter Include="02. GameObject\09. Bullet">
      <UniqueIdentifier>{6bdbc102-7ebf-41d5-b4a6-11d635b0163e}</UniqueIdentifier>
    </Filter>
    <Filter Include="02. GameObject\02. Monster\Skull">
      <UniqueIdentifier>{8c263690-d182-4997-b6e2-5af20f8f6cd2}</UniqueIdentifier>
    </Filter>
    <Filter Include="02. GameObject\02. Monster\Worm">
      <UniqueIdentifier>{7eb61ba9-e2df-4be3-9bb4-f06357bffda7}</UniqueIdentifier>
    </Filter>
    <Filter Include="02. GameObject\02. Monster\Worm\Worm_Face">
      <UniqueIdentifier>{8b4d6670-e786-4544-9503-557f553b12d3}</UniqueIdentifier>
    </Filter>
    <Filter Include="02. GameObject\02. Monster\Worm\Worm_Body">
      <UniqueIdentifier>{50a00182-28e0-41ab-a701-094142e836ec}</UniqueIdentifier>
    </Filter>
    <Filter Include="02. GameObject\02. Monster\Worm\Worm_Tail">
      <UniqueIdentifier>{fb24d7dd-5984-4f9e-b207-53414cab66bb}</UniqueIdentifier>
    </Filter>
    <Filter Include="999. ImGUI">
      <UniqueIdentifier>{37908928-83ee-4904-af57-cabf7c4fefbb}</UniqueIdentifier>
    </Filter>
    <Filter Include="999. ImGUI\Backend">
      <UniqueIdentifier>{8cad7cb2-0f74-46b9-a217-8ce57a704aa5}</UniqueIdentifier>
    </Filter>
    <Filter Include="999. ImGUI\Backend\Src">
      <UniqueIdentifier>{b9913ff5-44b3-44f4-a2bb-e814e736dc82}</UniqueIdentifier>
    </Filter>
    <Filter Include="999. ImGUI\Backend\Include">
      <UniqueIdentifier>{eb153cf3-9ee7-46d0-88a8-f1c874d14c5d}</UniqueIdentifier>
    </Filter>
    <Filter Include="04. Manager\00. RoomLoading">
      <UniqueIdentifier>{60fad2e2-2029-49b4-b2bb-df556f9429ca}</UniqueIdentifier>
    </Filter>
    <Filter Include="01. Scene\Stage\Layer">
      <UniqueIdentifier>{864248b1-17e2-4b62-a7b2-574cc5b2efae}</UniqueIdentifier>
    </Filter>
    <Filter Include="04. Manager\01. GameStatus">
      <UniqueIdentifier>{575f8b04-0769-4795-9023-f025baa09492}</UniqueIdentifier>
    </Filter>
    <Filter Include="02. GameObject\07. Room\BaseProp">
      <UniqueIdentifier>{d5671945-92ba-4fb7-b09c-4ba816215eaa}</UniqueIdentifier>
    </Filter>
    <Filter Include="02. GameObject\07. Room\BaseProp\Tile">
      <UniqueIdentifier>{56d603fc-e121-4bd4-81a0-d0ef08d3943b}</UniqueIdentifier>
    </Filter>
    <Filter Include="02. GameObject\07. Room\BaseProp\Wall">
      <UniqueIdentifier>{5ff4540b-138f-4f33-bcdd-4c3cba1c583f}</UniqueIdentifier>
    </Filter>
    <Filter Include="02. GameObject\07. Room\BaseProp\Fog">
      <UniqueIdentifier>{1fd52a66-301a-4c39-a75f-7b622cea6a8e}</UniqueIdentifier>
    </Filter>
    <Filter Include="02. GameObject\07. Room\PlaceableProp">
      <UniqueIdentifier>{a1208295-fd12-4384-8f71-ee9aeebb7921}</UniqueIdentifier>
    </Filter>
    <Filter Include="02. GameObject\07. Room\PlaceableProp\Frustum">
      <UniqueIdentifier>{04071318-f447-49a4-96e6-eb109ef95312}</UniqueIdentifier>
    </Filter>
    <Filter Include="02. GameObject\07. Room\PlaceableProp\Frustum\Breakable">
      <UniqueIdentifier>{43bf34c5-36d7-4490-b98f-5f7de8e24ea2}</UniqueIdentifier>
    </Filter>
    <Filter Include="02. GameObject\07. Room\PlaceableProp\Frustum\Unbreakable">
      <UniqueIdentifier>{0e521099-c711-451c-96fe-f7bfb8cbba63}</UniqueIdentifier>
    </Filter>
    <Filter Include="02. GameObject\07. Room\PlaceableProp\Frustum\Explosive">
      <UniqueIdentifier>{979de761-48ca-497d-8be6-c29b96164f27}</UniqueIdentifier>
    </Filter>
    <Filter Include="02. GameObject\07. Room\BaseProp\TriggerBox">
      <UniqueIdentifier>{d5b37dad-c154-476b-a769-4c3434dbbd32}</UniqueIdentifier>
    </Filter>
    <Filter Include="04. Manager\02. Debug">
      <UniqueIdentifier>{02ca9211-2d93-4f54-bfb3-1da9b6e7fac6}</UniqueIdentifier>
    </Filter>
    <Filter Include="02. GameObject\10. UI">
      <UniqueIdentifier>{6c73a9c2-f178-434b-b4ff-d2dee63f4158}</UniqueIdentifier>
    </Filter>
    <Filter Include="02. GameObject\10. UI\Crosshair">
      <UniqueIdentifier>{0c6678e2-e4f3-4034-be90-da65b01d08d7}</UniqueIdentifier>
    </Filter>
    <Filter Include="02. GameObject\02. Monster\Boss1">
      <UniqueIdentifier>{b51a1b05-dd5f-4c97-8716-dc4e1a0c0ec8}</UniqueIdentifier>
    </Filter>
    <Filter Include="02. GameObject\02. Monster\Speyeder">
      <UniqueIdentifier>{77d9f8f3-79ea-4b54-9520-e416973572a7}</UniqueIdentifier>
    </Filter>
    <Filter Include="02. GameObject\06. Effect\SmallExplode">
      <UniqueIdentifier>{c4da1f1d-8911-4624-9f4b-8a1a699876e6}</UniqueIdentifier>
    </Filter>
    <Filter Include="02. GameObject\02. Monster\Magmamouth">
      <UniqueIdentifier>{149954a3-d86b-4975-bad9-6e696a5ecb47}</UniqueIdentifier>
    </Filter>
    <Filter Include="02. GameObject\11. Item">
      <UniqueIdentifier>{96a898cd-56e9-4421-810a-23a78c4952ed}</UniqueIdentifier>
    </Filter>
    <Filter Include="02. GameObject\11. Item\Gem">
      <UniqueIdentifier>{c8f48a88-b7cc-45e5-8b43-6dc3dfdceccd}</UniqueIdentifier>
    </Filter>
    <Filter Include="02. GameObject\11. Item\Heart">
      <UniqueIdentifier>{58eb4470-a523-4ced-90a8-4263ab03256d}</UniqueIdentifier>
    </Filter>
    <Filter Include="02. GameObject\11. Item\Energy">
      <UniqueIdentifier>{824b3ae7-9dc3-4b15-91b6-5a46d72d303b}</UniqueIdentifier>
    </Filter>
    <Filter Include="02. GameObject\07. Room\BaseProp\Door">
      <UniqueIdentifier>{87e9c26a-ad36-4771-a5d9-f643d67f29b4}</UniqueIdentifier>
    </Filter>
    <Filter Include="01. Scene\Stage\Layer\ClearCondition">
      <UniqueIdentifier>{272cc4a9-b6ae-4a3f-a91d-39ad71c6f66b}</UniqueIdentifier>
    </Filter>
    <Filter Include="01. Scene\Stage\Layer\ClearCondition\PushAllButton">
      <UniqueIdentifier>{023821f0-88fd-4f0c-8d0f-7cf39723ff7c}</UniqueIdentifier>
    </Filter>
    <Filter Include="01. Scene\Stage\Layer\ClearCondition\ManualClear">
      <UniqueIdentifier>{1b92e145-d4f5-4809-a1c7-5f92f0c6b7fe}</UniqueIdentifier>
    </Filter>
    <Filter Include="01. Scene\Stage\Layer\ClearCondition\KillAllEntity">
      <UniqueIdentifier>{fea9a953-04e9-443e-8954-af81d3b19410}</UniqueIdentifier>
    </Filter>
    <Filter Include="02. GameObject\10. UI\Direction">
      <UniqueIdentifier>{caf2411c-6216-4837-a54c-f2cf88be18f5}</UniqueIdentifier>
    </Filter>
    <Filter Include="02. GameObject\02. Monster\Magmamouth\Fireball">
      <UniqueIdentifier>{80883398-3d6b-4d52-8f00-a866db1e4a6f}</UniqueIdentifier>
    </Filter>
    <Filter Include="02. GameObject\06. Effect\Trail">
      <UniqueIdentifier>{66a04df7-ebf3-4bd2-8103-73c4dcefb56e}</UniqueIdentifier>
    </Filter>
  </ItemGroup>
  <ItemGroup>
    <ClInclude Include="framework.h">
      <Filter>헤더 파일</Filter>
    </ClInclude>
    <ClInclude Include="targetver.h">
      <Filter>헤더 파일</Filter>
    </ClInclude>
    <ClInclude Include="Resource.h">
      <Filter>헤더 파일</Filter>
    </ClInclude>
    <ClInclude Include="Client.h">
      <Filter>헤더 파일</Filter>
    </ClInclude>
    <ClInclude Include="pch.h">
      <Filter>헤더 파일</Filter>
    </ClInclude>
    <ClInclude Include="..\Header\CMainApp.h">
      <Filter>00. MainApp</Filter>
    </ClInclude>
    <ClInclude Include="..\Header\CLogo.h">
      <Filter>01. Scene\Logo</Filter>
    </ClInclude>
    <ClInclude Include="..\Header\CBackGround.h">
      <Filter>02. GameObject\00. BackGround</Filter>
    </ClInclude>
    <ClInclude Include="..\Header\CStage.h">
      <Filter>01. Scene\Stage</Filter>
    </ClInclude>
    <ClInclude Include="..\Header\CMonster.h">
      <Filter>02. GameObject\02. Monster</Filter>
    </ClInclude>
    <ClInclude Include="..\Header\CPlayer.h">
      <Filter>02. GameObject\01. Player</Filter>
    </ClInclude>
    <ClInclude Include="..\Header\CLoading.h">
      <Filter>01. Scene\Loading</Filter>
    </ClInclude>
    <ClInclude Include="..\Header\CTerrain.h">
      <Filter>02. GameObject\03. Terrain</Filter>
    </ClInclude>
    <ClInclude Include="..\Header\CDynamicCamera.h">
      <Filter>02. GameObject\04. DynamicCamera</Filter>
    </ClInclude>
    <ClInclude Include="..\Header\CSkyBox.h">
      <Filter>02. GameObject\05. SkyBox</Filter>
    </ClInclude>
    <ClInclude Include="..\Header\CEffect.h">
      <Filter>02. GameObject\06. Effect</Filter>
    </ClInclude>
    <ClInclude Include="..\Header\CGun.h">
      <Filter>02. GameObject\08. Gun</Filter>
    </ClInclude>
    <ClInclude Include="..\Header\CWall.h">
      <Filter>02. GameObject\07. Room\BaseProp\Wall</Filter>
    </ClInclude>
    <ClInclude Include="..\Header\CTile.h">
      <Filter>02. GameObject\07. Room\BaseProp\Tile</Filter>
    </ClInclude>
    <ClInclude Include="..\Header\Client_Struct.h">
      <Filter>99. Header</Filter>
    </ClInclude>
    <ClInclude Include="..\Header\json.hpp">
      <Filter>99. Header\ThirdParty</Filter>
    </ClInclude>
    <ClInclude Include="..\Header\json_fwd.hpp">
      <Filter>99. Header\ThirdParty</Filter>
    </ClInclude>
    <ClInclude Include="..\Header\JsonAdapter.h">
      <Filter>99. Header</Filter>
    </ClInclude>
    <ClInclude Include="..\Header\CFog.h">
      <Filter>02. GameObject\07. Room\BaseProp\Fog</Filter>
    </ClInclude>
    <ClInclude Include="..\Header\CBullet.h">
      <Filter>02. GameObject\09. Bullet</Filter>
    </ClInclude>
    <ClInclude Include="..\Header\CSkull.h">
      <Filter>02. GameObject\02. Monster\Skull</Filter>
    </ClInclude>
    <ClInclude Include="..\Header\CWorm.h">
      <Filter>02. GameObject\02. Monster\Worm</Filter>
    </ClInclude>
    <ClInclude Include="..\Header\CWorm_Tail.h">
      <Filter>02. GameObject\02. Monster\Worm\Worm_Tail</Filter>
    </ClInclude>
    <ClInclude Include="..\Header\CWorm_Face.h">
      <Filter>02. GameObject\02. Monster\Worm\Worm_Face</Filter>
    </ClInclude>
    <ClInclude Include="..\Header\CWorm_Boby.h">
      <Filter>02. GameObject\02. Monster\Worm\Worm_Body</Filter>
    </ClInclude>
    <ClInclude Include="..\Header\CImGuiTool.h">
      <Filter>999. ImGUI</Filter>
    </ClInclude>
    <ClInclude Include="..\Header\imconfig.h">
      <Filter>999. ImGUI\Backend\Include</Filter>
    </ClInclude>
    <ClInclude Include="..\Header\imgui.h">
      <Filter>999. ImGUI\Backend\Include</Filter>
    </ClInclude>
    <ClInclude Include="..\Header\imgui_impl_dx9.h">
      <Filter>999. ImGUI\Backend\Include</Filter>
    </ClInclude>
    <ClInclude Include="..\Header\imgui_internal.h">
      <Filter>999. ImGUI\Backend\Include</Filter>
    </ClInclude>
    <ClInclude Include="..\Header\imgui_impl_win32.h">
      <Filter>999. ImGUI\Backend\Include</Filter>
    </ClInclude>
    <ClInclude Include="..\Header\imstb_rectpack.h">
      <Filter>999. ImGUI\Backend\Include</Filter>
    </ClInclude>
    <ClInclude Include="..\Header\imstb_textedit.h">
      <Filter>999. ImGUI\Backend\Include</Filter>
    </ClInclude>
    <ClInclude Include="..\Header\imstb_truetype.h">
      <Filter>999. ImGUI\Backend\Include</Filter>
    </ClInclude>
    <ClInclude Include="..\Header\CFrustum.h">
      <Filter>02. GameObject\07. Room\PlaceableProp\Frustum</Filter>
    </ClInclude>
    <ClInclude Include="..\Header\CRoomLoadingMgr.h">
      <Filter>04. Manager\00. RoomLoading</Filter>
    </ClInclude>
    <ClInclude Include="..\Header\CAbstractFactory.h">
      <Filter>04. Manager\00. RoomLoading</Filter>
    </ClInclude>
    <ClInclude Include="..\Header\CBreakableFrustum.h">
      <Filter>02. GameObject\07. Room\PlaceableProp\Frustum\Breakable</Filter>
    </ClInclude>
    <ClInclude Include="..\Header\CExplosiveFrustum.h">
      <Filter>02. GameObject\07. Room\PlaceableProp\Frustum\Explosive</Filter>
    </ClInclude>
    <ClInclude Include="..\Header\CUnbreakableFrustum.h">
      <Filter>02. GameObject\07. Room\PlaceableProp\Frustum\Unbreakable</Filter>
    </ClInclude>
    <ClInclude Include="..\Header\CRoomLayer.h">
      <Filter>01. Scene\Stage\Layer</Filter>
    </ClInclude>
    <ClInclude Include="..\Header\CGameStatusMgr.h">
      <Filter>04. Manager\01. GameStatus</Filter>
    </ClInclude>
    <ClInclude Include="..\Header\CExplosiveFrustumLight.h">
      <Filter>02. GameObject\07. Room\PlaceableProp\Frustum\Explosive</Filter>
    </ClInclude>
    <ClInclude Include="..\Header\Client_Enum.h">
      <Filter>99. Header</Filter>
    </ClInclude>
    <ClInclude Include="..\Header\CTriggerBox.h">
      <Filter>02. GameObject\07. Room\BaseProp\TriggerBox</Filter>
    </ClInclude>
    <ClInclude Include="..\Header\CDebugMgr.h">
      <Filter>04. Manager\02. Debug</Filter>
    </ClInclude>
    <ClInclude Include="..\Header\CUI.h">
      <Filter>02. GameObject\10. UI</Filter>
    </ClInclude>
    <ClInclude Include="..\Header\CCrosshair.h">
      <Filter>02. GameObject\10. UI\Crosshair</Filter>
    </ClInclude>
    <ClInclude Include="..\Header\CBoss1.h">
      <Filter>02. GameObject\02. Monster\Boss1</Filter>
    </ClInclude>
    <ClInclude Include="..\Header\CSpeyeder.h">
      <Filter>02. GameObject\02. Monster\Speyeder</Filter>
    </ClInclude>
    <ClInclude Include="..\Header\CSmallExplode.h">
      <Filter>02. GameObject\06. Effect\SmallExplode</Filter>
    </ClInclude>
    <ClInclude Include="..\Header\CMagmamouth.h">
      <Filter>02. GameObject\02. Monster\Magmamouth</Filter>
    </ClInclude>
    <ClInclude Include="..\Header\CItem.h">
      <Filter>02. GameObject\11. Item</Filter>
    </ClInclude>
    <ClInclude Include="..\Header\CEnergy.h">
      <Filter>02. GameObject\11. Item\Energy</Filter>
    </ClInclude>
    <ClInclude Include="..\Header\CHeart.h">
      <Filter>02. GameObject\11. Item\Heart</Filter>
    </ClInclude>
    <ClInclude Include="..\Header\CGem.h">
      <Filter>02. GameObject\11. Item\Gem</Filter>
    </ClInclude>
    <ClInclude Include="..\Header\CDoor.h">
      <Filter>02. GameObject\07. Room\BaseProp\Door</Filter>
    </ClInclude>
    <ClInclude Include="..\Header\CClearCondition.h">
      <Filter>01. Scene\Stage\Layer\ClearCondition</Filter>
    </ClInclude>
    <ClInclude Include="..\Header\CKillAllEntityCondition.h">
      <Filter>01. Scene\Stage\Layer\ClearCondition\KillAllEntity</Filter>
    </ClInclude>
    <ClInclude Include="..\Header\CManualClearCondition.h">
      <Filter>01. Scene\Stage\Layer\ClearCondition\ManualClear</Filter>
    </ClInclude>
    <ClInclude Include="..\Header\CPushAllButtonCondition.h">
      <Filter>01. Scene\Stage\Layer\ClearCondition\PushAllButton</Filter>
    </ClInclude>
    <ClInclude Include="..\Header\CDirectionUI.h">
      <Filter>02. GameObject\10. UI\Direction</Filter>
    </ClInclude>
    <ClInclude Include="..\Header\CFireball.h">
      <Filter>02. GameObject\02. Monster\Magmamouth\Fireball</Filter>
    </ClInclude>
    <ClInclude Include="..\Header\CTrail.h">
      <Filter>02. GameObject\06. Effect\Trail</Filter>
    </ClInclude>
  </ItemGroup>
  <ItemGroup>
    <ClCompile Include="Client.cpp">
      <Filter>소스 파일</Filter>
    </ClCompile>
    <ClCompile Include="pch.cpp">
      <Filter>소스 파일</Filter>
    </ClCompile>
    <ClCompile Include="..\Code\CMainApp.cpp">
      <Filter>00. MainApp</Filter>
    </ClCompile>
    <ClCompile Include="..\Code\CLogo.cpp">
      <Filter>01. Scene\Logo</Filter>
    </ClCompile>
    <ClCompile Include="..\Code\CBackGround.cpp">
      <Filter>02. GameObject\00. BackGround</Filter>
    </ClCompile>
    <ClCompile Include="..\Code\CStage.cpp">
      <Filter>01. Scene\Stage</Filter>
    </ClCompile>
    <ClCompile Include="..\Code\CMonster.cpp">
      <Filter>02. GameObject\02. Monster</Filter>
    </ClCompile>
    <ClCompile Include="..\Code\CPlayer.cpp">
      <Filter>02. GameObject\01. Player</Filter>
    </ClCompile>
    <ClCompile Include="..\Code\CLoading.cpp">
      <Filter>01. Scene\Loading</Filter>
    </ClCompile>
    <ClCompile Include="..\Code\CTerrain.cpp">
      <Filter>02. GameObject\03. Terrain</Filter>
    </ClCompile>
    <ClCompile Include="..\Code\CDynamicCamera.cpp">
      <Filter>02. GameObject\04. DynamicCamera</Filter>
    </ClCompile>
    <ClCompile Include="..\Code\CSkyBox.cpp">
      <Filter>02. GameObject\05. SkyBox</Filter>
    </ClCompile>
    <ClCompile Include="..\Code\CEffect.cpp">
      <Filter>02. GameObject\06. Effect</Filter>
    </ClCompile>
    <ClCompile Include="..\Code\CGun.cpp">
      <Filter>02. GameObject\08. Gun</Filter>
    </ClCompile>
    <ClCompile Include="..\Code\CWall.cpp">
      <Filter>02. GameObject\07. Room\BaseProp\Wall</Filter>
    </ClCompile>
    <ClCompile Include="..\Code\CTile.cpp">
      <Filter>02. GameObject\07. Room\BaseProp\Tile</Filter>
    </ClCompile>
    <ClCompile Include="..\Code\CFog.cpp">
      <Filter>02. GameObject\07. Room\BaseProp\Fog</Filter>
    </ClCompile>
    <ClCompile Include="..\Code\CBullet.cpp">
      <Filter>02. GameObject\09. Bullet</Filter>
    </ClCompile>
    <ClCompile Include="..\Code\CImGuiTool.cpp">
      <Filter>999. ImGUI</Filter>
    </ClCompile>
    <ClCompile Include="..\Code\imgui.cpp">
      <Filter>999. ImGUI\Backend\Src</Filter>
    </ClCompile>
    <ClCompile Include="..\Code\imgui_demo.cpp">
      <Filter>999. ImGUI\Backend\Src</Filter>
    </ClCompile>
    <ClCompile Include="..\Code\imgui_draw.cpp">
      <Filter>999. ImGUI\Backend\Src</Filter>
    </ClCompile>
    <ClCompile Include="..\Code\imgui_impl_dx9.cpp">
      <Filter>999. ImGUI\Backend\Src</Filter>
    </ClCompile>
    <ClCompile Include="..\Code\imgui_impl_win32.cpp">
      <Filter>999. ImGUI\Backend\Src</Filter>
    </ClCompile>
    <ClCompile Include="..\Code\imgui_tables.cpp">
      <Filter>999. ImGUI\Backend\Src</Filter>
    </ClCompile>
    <ClCompile Include="..\Code\imgui_widgets.cpp">
      <Filter>999. ImGUI\Backend\Src</Filter>
    </ClCompile>
    <ClCompile Include="..\Code\CFrustum.cpp">
      <Filter>02. GameObject\07. Room\PlaceableProp\Frustum</Filter>
    </ClCompile>
    <ClCompile Include="..\Code\CRoomLoadingMgr.cpp">
      <Filter>04. Manager\00. RoomLoading</Filter>
    </ClCompile>
    <ClCompile Include="..\Code\CAbstractFactory.cpp">
      <Filter>04. Manager\00. RoomLoading</Filter>
    </ClCompile>
    <ClCompile Include="..\Code\CBullet.cpp">
      <Filter>02. GameObject\09. Bullet</Filter>
    </ClCompile>
    <ClCompile Include="..\Code\CSkull.cpp">
      <Filter>02. GameObject\02. Monster\Skull</Filter>
    </ClCompile>
    <ClCompile Include="..\Code\CWorm.cpp">
      <Filter>02. GameObject\02. Monster\Worm</Filter>
    </ClCompile>
    <ClCompile Include="..\Code\CWorm_Tail.cpp">
      <Filter>02. GameObject\02. Monster\Worm\Worm_Tail</Filter>
    </ClCompile>
    <ClCompile Include="..\Code\CWorm_Face.cpp">
      <Filter>02. GameObject\02. Monster\Worm\Worm_Face</Filter>
    </ClCompile>
    <ClCompile Include="..\Code\CWorm_Boby.cpp">
      <Filter>02. GameObject\02. Monster\Worm\Worm_Body</Filter>
    </ClCompile>
    <ClCompile Include="..\Code\CBreakableFrustum.cpp">
      <Filter>02. GameObject\07. Room\PlaceableProp\Frustum\Breakable</Filter>
    </ClCompile>
    <ClCompile Include="..\Code\CExplosiveFrustum.cpp">
      <Filter>02. GameObject\07. Room\PlaceableProp\Frustum\Explosive</Filter>
    </ClCompile>
    <ClCompile Include="..\Code\CUnbreakableFrustum.cpp">
      <Filter>02. GameObject\07. Room\PlaceableProp\Frustum\Unbreakable</Filter>
    </ClCompile>
    <ClCompile Include="..\Code\CRoomLayer.cpp">
      <Filter>01. Scene\Stage\Layer</Filter>
    </ClCompile>
    <ClCompile Include="..\Code\CGameStatusMgr.cpp">
      <Filter>04. Manager\01. GameStatus</Filter>
    </ClCompile>
    <ClCompile Include="..\Code\CExplosiveFrustumLight.cpp">
      <Filter>02. GameObject\07. Room\PlaceableProp\Frustum\Explosive</Filter>
    </ClCompile>
    <ClCompile Include="..\Code\CTriggerBox.cpp">
      <Filter>02. GameObject\07. Room\BaseProp\TriggerBox</Filter>
    </ClCompile>
    <ClCompile Include="..\Code\CDebugMgr.cpp">
      <Filter>04. Manager\02. Debug</Filter>
    </ClCompile>
    <ClCompile Include="..\Code\CUI.cpp">
      <Filter>02. GameObject\10. UI</Filter>
    </ClCompile>
    <ClCompile Include="..\Code\CCrosshair.cpp">
      <Filter>02. GameObject\10. UI\Crosshair</Filter>
    </ClCompile>
    <ClCompile Include="..\Code\CBoss1.cpp">
      <Filter>02. GameObject\02. Monster\Boss1</Filter>
    </ClCompile>
    <ClCompile Include="..\Code\CSpeyeder.cpp">
      <Filter>02. GameObject\02. Monster\Speyeder</Filter>
    </ClCompile>
    <ClCompile Include="..\Code\CSmallExplode.cpp">
      <Filter>02. GameObject\06. Effect\SmallExplode</Filter>
    </ClCompile>
    <ClCompile Include="..\Code\CMagmamouth.cpp">
      <Filter>02. GameObject\02. Monster\Magmamouth</Filter>
    </ClCompile>
    <ClCompile Include="..\Code\CItem.cpp">
      <Filter>02. GameObject\11. Item</Filter>
    </ClCompile>
    <ClCompile Include="..\Code\CEnergy.cpp">
      <Filter>02. GameObject\11. Item\Energy</Filter>
    </ClCompile>
    <ClCompile Include="..\Code\CHeart.cpp">
      <Filter>02. GameObject\11. Item\Heart</Filter>
    </ClCompile>
    <ClCompile Include="..\Code\CGem.cpp">
      <Filter>02. GameObject\11. Item\Gem</Filter>
    </ClCompile>
    <ClCompile Include="..\Code\CDoor.cpp">
      <Filter>02. GameObject\07. Room\BaseProp\Door</Filter>
    </ClCompile>
    <ClCompile Include="..\Code\CClearCondition.cpp">
      <Filter>01. Scene\Stage\Layer\ClearCondition</Filter>
    </ClCompile>
    <ClCompile Include="..\Code\CKillAllEntityCondition.cpp">
      <Filter>01. Scene\Stage\Layer\ClearCondition\KillAllEntity</Filter>
    </ClCompile>
    <ClCompile Include="..\Code\CManualClearCondition.cpp">
      <Filter>01. Scene\Stage\Layer\ClearCondition\ManualClear</Filter>
    </ClCompile>
    <ClCompile Include="..\Code\CPushAllButtonCondition.cpp">
      <Filter>01. Scene\Stage\Layer\ClearCondition\PushAllButton</Filter>
    </ClCompile>
    <ClCompile Include="..\Code\CDirectionUI.cpp">
      <Filter>02. GameObject\10. UI\Direction</Filter>
    </ClCompile>
    <ClCompile Include="..\Code\CFireball.cpp">
      <Filter>02. GameObject\02. Monster\Magmamouth\Fireball</Filter>
    </ClCompile>
    <ClCompile Include="..\Code\CTrail.cpp">
      <Filter>02. GameObject\06. Effect\Trail</Filter>
    </ClCompile>
  </ItemGroup>
  <ItemGroup>
    <ResourceCompile Include="Client.rc">
      <Filter>리소스 파일</Filter>
    </ResourceCompile>
  </ItemGroup>
  <ItemGroup>
    <Image Include="small.ico">
      <Filter>리소스 파일</Filter>
    </Image>
    <Image Include="Client.ico">
      <Filter>리소스 파일</Filter>
    </Image>
  </ItemGroup>
  <ItemGroup>
    <None Include="..\Bin\Resource\Map\DefaultRoom.json">
      <Filter>03. Resource\01. Map</Filter>
    </None>
    <None Include="..\Bin\Resource\Map\Room_2_2.json">
      <Filter>03. Resource\01. Map</Filter>
    </None>
    <None Include="..\Bin\Resource\Map\Room_1_0.json">
      <Filter>03. Resource\01. Map</Filter>
    </None>
    <None Include="..\Bin\Resource\Map\Room_2_1.json">
      <Filter>03. Resource\01. Map</Filter>
    </None>
    <None Include="..\Bin\Resource\Map\Room 작성 가이드.md">
      <Filter>03. Resource\01. Map</Filter>
    </None>
    <None Include="..\Bin\Resource\Map\Room_1_1.json">
      <Filter>03. Resource\01. Map</Filter>
    </None>
  </ItemGroup>
</Project>