<?xml version="1.0" encoding="utf-8"?>
<Project ToolsVersion="4.0" xmlns="http://schemas.microsoft.com/developer/msbuild/2003">
  <ItemGroup>
    <Filter Include="소스 파일">
      <UniqueIdentifier>{4FC737F1-C7A5-4376-A066-2A32D752A2FF}</UniqueIdentifier>
      <Extensions>cpp;c;cc;cxx;c++;cppm;ixx;def;odl;idl;hpj;bat;asm;asmx</Extensions>
    </Filter>
    <Filter Include="헤더 파일">
      <UniqueIdentifier>{93995380-89BD-4b04-88EB-625FBE52EBFB}</UniqueIdentifier>
      <Extensions>h;hh;hpp;hxx;h++;hm;inl;inc;ipp;xsd</Extensions>
    </Filter>
    <Filter Include="리소스 파일">
      <UniqueIdentifier>{67DA6AB6-F800-4c08-8B7A-83BB121AAD01}</UniqueIdentifier>
      <Extensions>rc;ico;cur;bmp;dlg;rc2;rct;bin;rgs;gif;jpg;jpeg;jpe;resx;tiff;tif;png;wav;mfcribbon-ms</Extensions>
    </Filter>
    <Filter Include="00. MainApp">
      <UniqueIdentifier>{e8ad129d-c1cf-4dd5-af90-b47d007f0d4d}</UniqueIdentifier>
    </Filter>
    <Filter Include="01. Scene">
      <UniqueIdentifier>{00723525-da66-45c2-96ed-168bfc6a3765}</UniqueIdentifier>
    </Filter>
    <Filter Include="01. Scene\Logo">
      <UniqueIdentifier>{2fddb93e-94cf-4af0-8947-498ff55495ae}</UniqueIdentifier>
    </Filter>
    <Filter Include="01. Scene\Stage">
      <UniqueIdentifier>{f30fc8b2-8050-4c7b-ad78-31378e7adfd9}</UniqueIdentifier>
    </Filter>
    <Filter Include="02. GameObject">
      <UniqueIdentifier>{edc41b01-388d-4552-bf34-3fa50d81371a}</UniqueIdentifier>
    </Filter>
    <Filter Include="02. GameObject\00. BackGround">
      <UniqueIdentifier>{f0d0e5b3-59c7-41fb-92cf-59c72845b18e}</UniqueIdentifier>
    </Filter>
    <Filter Include="02. GameObject\01. Player">
      <UniqueIdentifier>{b296e5ab-9980-4835-b577-7885d1efc319}</UniqueIdentifier>
    </Filter>
    <Filter Include="02. GameObject\02. Monster">
      <UniqueIdentifier>{ea1699e6-0c35-4928-a891-19e37d243279}</UniqueIdentifier>
    </Filter>
    <Filter Include="01. Scene\Loading">
      <UniqueIdentifier>{191c6d8e-36d1-45a9-97e2-69361bc116fa}</UniqueIdentifier>
    </Filter>
    <Filter Include="02. GameObject\03. Terrain">
      <UniqueIdentifier>{4b423757-2c5b-4e4e-9268-5f613c9c8f2f}</UniqueIdentifier>
    </Filter>
    <Filter Include="02. GameObject\04. DynamicCamera">
      <UniqueIdentifier>{cdd6e53a-fa5b-4c49-a8c4-f0b652689629}</UniqueIdentifier>
    </Filter>
    <Filter Include="02. GameObject\05. SkyBox">
      <UniqueIdentifier>{3cee2e7b-a2d0-4be9-9ae5-6f08fc300e79}</UniqueIdentifier>
    </Filter>
    <Filter Include="02. GameObject\06. Effect">
      <UniqueIdentifier>{26da718b-9159-461e-bec9-2f4654b8be1f}</UniqueIdentifier>
    </Filter>
    <Filter Include="02. GameObject\07. Room">
      <UniqueIdentifier>{b9d90846-4426-48a5-9d9f-65b142898dac}</UniqueIdentifier>
    </Filter>
    <Filter Include="02. GameObject\08. Gun">
      <UniqueIdentifier>{392630cc-bd20-4eb7-9704-747e40434189}</UniqueIdentifier>
    </Filter>
    <Filter Include="02. GameObject\07. Room\Object">
      <UniqueIdentifier>{239b6995-951d-478d-971d-b0cbf43a2931}</UniqueIdentifier>
    </Filter>
    <Filter Include="02. GameObject\07. Room\Object\Wall">
      <UniqueIdentifier>{5ff4540b-138f-4f33-bcdd-4c3cba1c583f}</UniqueIdentifier>
    </Filter>
    <Filter Include="02. GameObject\07. Room\Object\Tile">
      <UniqueIdentifier>{56d603fc-e121-4bd4-81a0-d0ef08d3943b}</UniqueIdentifier>
    </Filter>
    <Filter Include="03. Resource">
      <UniqueIdentifier>{39c1497e-736d-4f33-890a-bf345083759c}</UniqueIdentifier>
    </Filter>
    <Filter Include="03. Resource\01. Map">
      <UniqueIdentifier>{e0824a1c-09b7-469b-a0d4-6c5eb5eace80}</UniqueIdentifier>
    </Filter>
    <Filter Include="99. Header">
      <UniqueIdentifier>{1010db34-d77a-4a40-b8f4-2c712aa1dbd3}</UniqueIdentifier>
    </Filter>
    <Filter Include="99. Header\ThirdParty">
      <UniqueIdentifier>{bf0e3959-e252-49e1-9535-e3b23444d2c0}</UniqueIdentifier>
    </Filter>
    <Filter Include="02. GameObject\07. Room\Object\Fog">
      <UniqueIdentifier>{1fd52a66-301a-4c39-a75f-7b622cea6a8e}</UniqueIdentifier>
    </Filter>
    <Filter Include="04. Manager">
      <UniqueIdentifier>{21b47c84-577f-4f39-b3ac-01f370fb2f24}</UniqueIdentifier>
    </Filter>
    <Filter Include="02. GameObject\09. Bullet">
      <UniqueIdentifier>{6bdbc102-7ebf-41d5-b4a6-11d635b0163e}</UniqueIdentifier>
    </Filter>
    <Filter Include="02. GameObject\02. Monster\Skull">
      <UniqueIdentifier>{8c263690-d182-4997-b6e2-5af20f8f6cd2}</UniqueIdentifier>
    </Filter>
    <Filter Include="02. GameObject\02. Monster\Worm">
      <UniqueIdentifier>{7eb61ba9-e2df-4be3-9bb4-f06357bffda7}</UniqueIdentifier>
    </Filter>
    <Filter Include="02. GameObject\02. Monster\Worm\Worm_Face">
      <UniqueIdentifier>{8b4d6670-e786-4544-9503-557f553b12d3}</UniqueIdentifier>
    </Filter>
    <Filter Include="02. GameObject\02. Monster\Worm\Worm_Body">
      <UniqueIdentifier>{50a00182-28e0-41ab-a701-094142e836ec}</UniqueIdentifier>
    </Filter>
    <Filter Include="02. GameObject\02. Monster\Worm\Worm_Tail">
      <UniqueIdentifier>{fb24d7dd-5984-4f9e-b207-53414cab66bb}</UniqueIdentifier>
    </Filter>
    <Filter Include="999. ImGUI">
      <UniqueIdentifier>{37908928-83ee-4904-af57-cabf7c4fefbb}</UniqueIdentifier>
    </Filter>
    <Filter Include="999. ImGUI\Backend">
      <UniqueIdentifier>{8cad7cb2-0f74-46b9-a217-8ce57a704aa5}</UniqueIdentifier>
    </Filter>
    <Filter Include="999. ImGUI\Backend\Src">
      <UniqueIdentifier>{b9913ff5-44b3-44f4-a2bb-e814e736dc82}</UniqueIdentifier>
    </Filter>
    <Filter Include="999. ImGUI\Backend\Include">
      <UniqueIdentifier>{eb153cf3-9ee7-46d0-88a8-f1c874d14c5d}</UniqueIdentifier>
    </Filter>
    <Filter Include="04. Manager\00. RoomLoading">
      <UniqueIdentifier>{60fad2e2-2029-49b4-b2bb-df556f9429ca}</UniqueIdentifier>
    </Filter>
    <Filter Include="01. Scene\Stage\Layer">
      <UniqueIdentifier>{864248b1-17e2-4b62-a7b2-574cc5b2efae}</UniqueIdentifier>
    </Filter>
    <Filter Include="04. Manager\01. GameStatus">
      <UniqueIdentifier>{575f8b04-0769-4795-9023-f025baa09492}</UniqueIdentifier>
    </Filter>
    <Filter Include="02. GameObject\07. Room\Object\RoomProp">
      <UniqueIdentifier>{a1208295-fd12-4384-8f71-ee9aeebb7921}</UniqueIdentifier>
    </Filter>
    <Filter Include="02. GameObject\07. Room\Object\RoomProp\Frustum">
      <UniqueIdentifier>{04071318-f447-49a4-96e6-eb109ef95312}</UniqueIdentifier>
    </Filter>
    <Filter Include="02. GameObject\07. Room\Object\RoomProp\Frustum\Breakable">
      <UniqueIdentifier>{43bf34c5-36d7-4490-b98f-5f7de8e24ea2}</UniqueIdentifier>
    </Filter>
    <Filter Include="02. GameObject\07. Room\Object\RoomProp\Frustum\Unbreakable">
      <UniqueIdentifier>{0e521099-c711-451c-96fe-f7bfb8cbba63}</UniqueIdentifier>
    </Filter>
    <Filter Include="02. GameObject\07. Room\Object\RoomProp\Frustum\Explosive">
      <UniqueIdentifier>{979de761-48ca-497d-8be6-c29b96164f27}</UniqueIdentifier>
    </Filter>
  </ItemGroup>
  <ItemGroup>
    <ClInclude Include="framework.h">
      <Filter>헤더 파일</Filter>
    </ClInclude>
    <ClInclude Include="targetver.h">
      <Filter>헤더 파일</Filter>
    </ClInclude>
    <ClInclude Include="Resource.h">
      <Filter>헤더 파일</Filter>
    </ClInclude>
    <ClInclude Include="Client.h">
      <Filter>헤더 파일</Filter>
    </ClInclude>
    <ClInclude Include="pch.h">
      <Filter>헤더 파일</Filter>
    </ClInclude>
    <ClInclude Include="..\Header\CMainApp.h">
      <Filter>00. MainApp</Filter>
    </ClInclude>
    <ClInclude Include="..\Header\CLogo.h">
      <Filter>01. Scene\Logo</Filter>
    </ClInclude>
    <ClInclude Include="..\Header\CBackGround.h">
      <Filter>02. GameObject\00. BackGround</Filter>
    </ClInclude>
    <ClInclude Include="..\Header\CStage.h">
      <Filter>01. Scene\Stage</Filter>
    </ClInclude>
    <ClInclude Include="..\Header\CMonster.h">
      <Filter>02. GameObject\02. Monster</Filter>
    </ClInclude>
    <ClInclude Include="..\Header\CPlayer.h">
      <Filter>02. GameObject\01. Player</Filter>
    </ClInclude>
    <ClInclude Include="..\Header\CLoading.h">
      <Filter>01. Scene\Loading</Filter>
    </ClInclude>
    <ClInclude Include="..\Header\CTerrain.h">
      <Filter>02. GameObject\03. Terrain</Filter>
    </ClInclude>
    <ClInclude Include="..\Header\CDynamicCamera.h">
      <Filter>02. GameObject\04. DynamicCamera</Filter>
    </ClInclude>
    <ClInclude Include="..\Header\CSkyBox.h">
      <Filter>02. GameObject\05. SkyBox</Filter>
    </ClInclude>
    <ClInclude Include="..\Header\CEffect.h">
      <Filter>02. GameObject\06. Effect</Filter>
    </ClInclude>
    <ClInclude Include="..\Header\CGun.h">
      <Filter>02. GameObject\08. Gun</Filter>
    </ClInclude>
    <ClInclude Include="..\Header\CWall.h">
      <Filter>02. GameObject\07. Room\Object\Wall</Filter>
    </ClInclude>
    <ClInclude Include="..\Header\CTile.h">
      <Filter>02. GameObject\07. Room\Object\Tile</Filter>
    </ClInclude>
    <ClInclude Include="..\Header\Define.h">
      <Filter>99. Header</Filter>
    </ClInclude>
    <ClInclude Include="..\Header\json.hpp">
      <Filter>99. Header\ThirdParty</Filter>
    </ClInclude>
    <ClInclude Include="..\Header\json_fwd.hpp">
      <Filter>99. Header\ThirdParty</Filter>
    </ClInclude>
    <ClInclude Include="..\Header\JsonAdapter.h">
      <Filter>99. Header</Filter>
    </ClInclude>
    <ClInclude Include="..\Header\CFog.h">
      <Filter>02. GameObject\07. Room\Object\Fog</Filter>
    </ClInclude>
    <ClInclude Include="..\Header\CBullet.h">
      <Filter>02. GameObject\09. Bullet</Filter>
    </ClInclude>
    <ClInclude Include="..\Header\CSkull.h">
      <Filter>02. GameObject\02. Monster\Skull</Filter>
    </ClInclude>
    <ClInclude Include="..\Header\CWorm.h">
      <Filter>02. GameObject\02. Monster\Worm</Filter>
    </ClInclude>
    <ClInclude Include="..\Header\CWorm_Tail.h">
      <Filter>02. GameObject\02. Monster\Worm\Worm_Tail</Filter>
    </ClInclude>
    <ClInclude Include="..\Header\CWorm_Face.h">
      <Filter>02. GameObject\02. Monster\Worm\Worm_Face</Filter>
    </ClInclude>
    <ClInclude Include="..\Header\CWorm_Boby.h">
      <Filter>02. GameObject\02. Monster\Worm\Worm_Body</Filter>
    </ClInclude>
    <ClInclude Include="..\Header\CImGuiTool.h">
      <Filter>999. ImGUI</Filter>
    </ClInclude>
    <ClInclude Include="..\Header\imconfig.h">
      <Filter>999. ImGUI\Backend\Include</Filter>
    </ClInclude>
    <ClInclude Include="..\Header\imgui.h">
      <Filter>999. ImGUI\Backend\Include</Filter>
    </ClInclude>
    <ClInclude Include="..\Header\imgui_impl_dx9.h">
      <Filter>999. ImGUI\Backend\Include</Filter>
    </ClInclude>
    <ClInclude Include="..\Header\imgui_internal.h">
      <Filter>999. ImGUI\Backend\Include</Filter>
    </ClInclude>
    <ClInclude Include="..\Header\imgui_impl_win32.h">
      <Filter>999. ImGUI\Backend\Include</Filter>
    </ClInclude>
    <ClInclude Include="..\Header\imstb_rectpack.h">
      <Filter>999. ImGUI\Backend\Include</Filter>
    </ClInclude>
    <ClInclude Include="..\Header\imstb_textedit.h">
      <Filter>999. ImGUI\Backend\Include</Filter>
    </ClInclude>
    <ClInclude Include="..\Header\imstb_truetype.h">
      <Filter>999. ImGUI\Backend\Include</Filter>
    </ClInclude>
    <ClInclude Include="..\Header\CFrustum.h">
      <Filter>02. GameObject\07. Room\Object\RoomProp\Frustum</Filter>
    </ClInclude>
    <ClInclude Include="..\Header\CRoomLoadingMgr.h">
      <Filter>04. Manager\00. RoomLoading</Filter>
    </ClInclude>
    <ClInclude Include="..\Header\CAbstractFactory.h">
      <Filter>04. Manager\00. RoomLoading</Filter>
    </ClInclude>
    <ClInclude Include="..\Header\CBreakableFrustum.h">
      <Filter>02. GameObject\07. Room\Object\RoomProp\Frustum\Breakable</Filter>
    </ClInclude>
    <ClInclude Include="..\Header\CExplosiveFrustum.h">
      <Filter>02. GameObject\07. Room\Object\RoomProp\Frustum\Explosive</Filter>
    </ClInclude>
    <ClInclude Include="..\Header\CUnbreakableFrustum.h">
      <Filter>02. GameObject\07. Room\Object\RoomProp\Frustum\Unbreakable</Filter>
    </ClInclude>
    <ClInclude Include="..\Header\CRoomLayer.h">
      <Filter>01. Scene\Stage\Layer</Filter>
    </ClInclude>
    <ClInclude Include="..\Header\CGameStatusMgr.h">
      <Filter>04. Manager\01. GameStatus</Filter>
    </ClInclude>
    <ClInclude Include="..\Header\CExplosiveFrustumLight.h">
      <Filter>02. GameObject\07. Room\Object\RoomProp\Frustum\Explosive</Filter>
    </ClInclude>
  </ItemGroup>
  <ItemGroup>
    <ClCompile Include="Client.cpp">
      <Filter>소스 파일</Filter>
    </ClCompile>
    <ClCompile Include="pch.cpp">
      <Filter>소스 파일</Filter>
    </ClCompile>
    <ClCompile Include="..\Code\CMainApp.cpp">
      <Filter>00. MainApp</Filter>
    </ClCompile>
    <ClCompile Include="..\Code\CLogo.cpp">
      <Filter>01. Scene\Logo</Filter>
    </ClCompile>
    <ClCompile Include="..\Code\CBackGround.cpp">
      <Filter>02. GameObject\00. BackGround</Filter>
    </ClCompile>
    <ClCompile Include="..\Code\CStage.cpp">
      <Filter>01. Scene\Stage</Filter>
    </ClCompile>
    <ClCompile Include="..\Code\CMonster.cpp">
      <Filter>02. GameObject\02. Monster</Filter>
    </ClCompile>
    <ClCompile Include="..\Code\CPlayer.cpp">
      <Filter>02. GameObject\01. Player</Filter>
    </ClCompile>
    <ClCompile Include="..\Code\CLoading.cpp">
      <Filter>01. Scene\Loading</Filter>
    </ClCompile>
    <ClCompile Include="..\Code\CTerrain.cpp">
      <Filter>02. GameObject\03. Terrain</Filter>
    </ClCompile>
    <ClCompile Include="..\Code\CDynamicCamera.cpp">
      <Filter>02. GameObject\04. DynamicCamera</Filter>
    </ClCompile>
    <ClCompile Include="..\Code\CSkyBox.cpp">
      <Filter>02. GameObject\05. SkyBox</Filter>
    </ClCompile>
    <ClCompile Include="..\Code\CEffect.cpp">
      <Filter>02. GameObject\06. Effect</Filter>
    </ClCompile>
    <ClCompile Include="..\Code\CGun.cpp">
      <Filter>02. GameObject\08. Gun</Filter>
    </ClCompile>
    <ClCompile Include="..\Code\CWall.cpp">
      <Filter>02. GameObject\07. Room\Object\Wall</Filter>
    </ClCompile>
    <ClCompile Include="..\Code\CTile.cpp">
      <Filter>02. GameObject\07. Room\Object\Tile</Filter>
    </ClCompile>
    <ClCompile Include="..\Code\CFog.cpp">
      <Filter>02. GameObject\07. Room\Object\Fog</Filter>
    </ClCompile>
    <ClCompile Include="..\Code\CBullet.cpp">
      <Filter>02. GameObject\09. Bullet</Filter>
    </ClCompile>
    <ClCompile Include="..\Code\CImGuiTool.cpp">
      <Filter>999. ImGUI</Filter>
    </ClCompile>
    <ClCompile Include="..\Code\imgui.cpp">
      <Filter>999. ImGUI\Backend\Src</Filter>
    </ClCompile>
    <ClCompile Include="..\Code\imgui_demo.cpp">
      <Filter>999. ImGUI\Backend\Src</Filter>
    </ClCompile>
    <ClCompile Include="..\Code\imgui_draw.cpp">
      <Filter>999. ImGUI\Backend\Src</Filter>
    </ClCompile>
    <ClCompile Include="..\Code\imgui_impl_dx9.cpp">
      <Filter>999. ImGUI\Backend\Src</Filter>
    </ClCompile>
    <ClCompile Include="..\Code\imgui_impl_win32.cpp">
      <Filter>999. ImGUI\Backend\Src</Filter>
    </ClCompile>
    <ClCompile Include="..\Code\imgui_tables.cpp">
      <Filter>999. ImGUI\Backend\Src</Filter>
    </ClCompile>
    <ClCompile Include="..\Code\imgui_widgets.cpp">
      <Filter>999. ImGUI\Backend\Src</Filter>
    </ClCompile>
    <ClCompile Include="..\Code\CFrustum.cpp">
      <Filter>02. GameObject\07. Room\Object\RoomProp\Frustum</Filter>
    </ClCompile>
    <ClCompile Include="..\Code\CRoomLoadingMgr.cpp">
      <Filter>04. Manager\00. RoomLoading</Filter>
    </ClCompile>
    <ClCompile Include="..\Code\CAbstractFactory.cpp">
      <Filter>04. Manager\00. RoomLoading</Filter>
    </ClCompile>
    <ClCompile Include="..\Code\CBullet.cpp">
      <Filter>02. GameObject\09. Bullet</Filter>
    </ClCompile>
    <ClCompile Include="..\Code\CSkull.cpp">
      <Filter>02. GameObject\02. Monster\Skull</Filter>
    </ClCompile>
    <ClCompile Include="..\Code\CWorm.cpp">
      <Filter>02. GameObject\02. Monster\Worm</Filter>
    </ClCompile>
    <ClCompile Include="..\Code\CWorm_Tail.cpp">
      <Filter>02. GameObject\02. Monster\Worm\Worm_Tail</Filter>
    </ClCompile>
    <ClCompile Include="..\Code\CWorm_Face.cpp">
      <Filter>02. GameObject\02. Monster\Worm\Worm_Face</Filter>
    </ClCompile>
    <ClCompile Include="..\Code\CWorm_Boby.cpp">
      <Filter>02. GameObject\02. Monster\Worm\Worm_Body</Filter>
    </ClCompile>
    <ClCompile Include="..\Code\CBreakableFrustum.cpp">
      <Filter>02. GameObject\07. Room\Object\RoomProp\Frustum\Breakable</Filter>
    </ClCompile>
    <ClCompile Include="..\Code\CExplosiveFrustum.cpp">
      <Filter>02. GameObject\07. Room\Object\RoomProp\Frustum\Explosive</Filter>
    </ClCompile>
    <ClCompile Include="..\Code\CUnbreakableFrustum.cpp">
      <Filter>02. GameObject\07. Room\Object\RoomProp\Frustum\Unbreakable</Filter>
    </ClCompile>
    <ClCompile Include="..\Code\CRoomLayer.cpp">
      <Filter>01. Scene\Stage\Layer</Filter>
    </ClCompile>
    <ClCompile Include="..\Code\CGameStatusMgr.cpp">
      <Filter>04. Manager\01. GameStatus</Filter>
    </ClCompile>
    <ClCompile Include="..\Code\CExplosiveFrustumLight.cpp">
      <Filter>02. GameObject\07. Room\Object\RoomProp\Frustum\Explosive</Filter>
    </ClCompile>
  </ItemGroup>
  <ItemGroup>
    <ResourceCompile Include="Client.rc">
      <Filter>리소스 파일</Filter>
    </ResourceCompile>
  </ItemGroup>
  <ItemGroup>
    <Image Include="small.ico">
      <Filter>리소스 파일</Filter>
    </Image>
    <Image Include="Client.ico">
      <Filter>리소스 파일</Filter>
    </Image>
  </ItemGroup>
  <ItemGroup>
    <None Include="..\Bin\Resource\Map\DefaultRoom.json">
      <Filter>03. Resource\01. Map</Filter>
    </None>
    <None Include="..\Bin\Resource\Map\Room_2_2.json">
      <Filter>03. Resource\01. Map</Filter>
    </None>
    <None Include="..\Bin\Resource\Map\Room_1_0.json">
      <Filter>03. Resource\01. Map</Filter>
    </None>
    <None Include="..\Bin\Resource\Map\Room_2_1.json">
      <Filter>03. Resource\01. Map</Filter>
    </None>
    <None Include="..\Bin\Resource\Map\Room 작성 가이드.md">
      <Filter>03. Resource\01. Map</Filter>
    </None>
    <None Include="..\Bin\Resource\Map\Room_1_1.json">
      <Filter>03. Resource\01. Map</Filter>
    </None>
  </ItemGroup>
</Project>